// !$*UTF8*$!
{
	archiveVersion = 1;
	classes = {
	};
	objectVersion = 50;
	objects = {

/* Begin PBXBuildFile section */
		5519C0B62251B4A90003B265 /* DWZTestViewController.swift in Sources */ = {isa = PBXBuildFile; fileRef = 5519C0B52251B4A90003B265 /* DWZTestViewController.swift */; };
		5519C0B82251CEDF0003B265 /* UIBarButtonItem+Extension.swift in Sources */ = {isa = PBXBuildFile; fileRef = 5519C0B72251CEDF0003B265 /* UIBarButtonItem+Extension.swift */; };
		554514792250A89C00C0F113 /* AppDelegate.swift in Sources */ = {isa = PBXBuildFile; fileRef = 554514782250A89C00C0F113 /* AppDelegate.swift */; };
		554514802250A89D00C0F113 /* Assets.xcassets in Resources */ = {isa = PBXBuildFile; fileRef = 5545147F2250A89D00C0F113 /* Assets.xcassets */; };
		554514A32250C04700C0F113 /* DWZMainViewController.swift in Sources */ = {isa = PBXBuildFile; fileRef = 554514A22250C04700C0F113 /* DWZMainViewController.swift */; };
		554514A52250C08500C0F113 /* DWZNavigationController.swift in Sources */ = {isa = PBXBuildFile; fileRef = 554514A42250C08500C0F113 /* DWZNavigationController.swift */; };
		554514A72250C0B000C0F113 /* DWZBaseViewController.swift in Sources */ = {isa = PBXBuildFile; fileRef = 554514A62250C0B000C0F113 /* DWZBaseViewController.swift */; };
		554514A92250C0F600C0F113 /* DWZHomeViewController.swift in Sources */ = {isa = PBXBuildFile; fileRef = 554514A82250C0F600C0F113 /* DWZHomeViewController.swift */; };
		554514AB2250C10800C0F113 /* DWZMessageViewController.swift in Sources */ = {isa = PBXBuildFile; fileRef = 554514AA2250C10800C0F113 /* DWZMessageViewController.swift */; };
		554514AD2250C11F00C0F113 /* DWZDiscoverViewController.swift in Sources */ = {isa = PBXBuildFile; fileRef = 554514AC2250C11F00C0F113 /* DWZDiscoverViewController.swift */; };
		554514AF2250C12F00C0F113 /* DWZProfileViewController.swift in Sources */ = {isa = PBXBuildFile; fileRef = 554514AE2250C12F00C0F113 /* DWZProfileViewController.swift */; };
		554514CA2250FF3500C0F113 /* UIColor+CZAddition.m in Sources */ = {isa = PBXBuildFile; fileRef = 554514B12250FF3500C0F113 /* UIColor+CZAddition.m */; };
		554514CB2250FF3500C0F113 /* UIView+CZAddition.m in Sources */ = {isa = PBXBuildFile; fileRef = 554514B22250FF3500C0F113 /* UIView+CZAddition.m */; };
		554514CC2250FF3500C0F113 /* UIScreen+CZAddition.m in Sources */ = {isa = PBXBuildFile; fileRef = 554514B52250FF3500C0F113 /* UIScreen+CZAddition.m */; };
		554514CD2250FF3500C0F113 /* UILabel+CZAddition.m in Sources */ = {isa = PBXBuildFile; fileRef = 554514B72250FF3500C0F113 /* UILabel+CZAddition.m */; };
		554514CE2250FF3500C0F113 /* NSString+CZBase64.m in Sources */ = {isa = PBXBuildFile; fileRef = 554514B92250FF3500C0F113 /* NSString+CZBase64.m */; };
		554514CF2250FF3500C0F113 /* NSString+CZPath.m in Sources */ = {isa = PBXBuildFile; fileRef = 554514BA2250FF3500C0F113 /* NSString+CZPath.m */; };
		554514D02250FF3500C0F113 /* UIButton+CZAddition.m in Sources */ = {isa = PBXBuildFile; fileRef = 554514BD2250FF3500C0F113 /* UIButton+CZAddition.m */; };
		554514D12250FF3500C0F113 /* NSObject+CZRuntime.m in Sources */ = {isa = PBXBuildFile; fileRef = 554514C02250FF3500C0F113 /* NSObject+CZRuntime.m */; };
		554514D22250FF3500C0F113 /* UIViewController+CZAddition.m in Sources */ = {isa = PBXBuildFile; fileRef = 554514C32250FF3500C0F113 /* UIViewController+CZAddition.m */; };
		554514D32250FF3500C0F113 /* NSString+CZHash.m in Sources */ = {isa = PBXBuildFile; fileRef = 554514C42250FF3500C0F113 /* NSString+CZHash.m */; };
		554514D42250FF3500C0F113 /* NSAttributedString+CZAdditon.m in Sources */ = {isa = PBXBuildFile; fileRef = 554514C72250FF3500C0F113 /* NSAttributedString+CZAdditon.m */; };
		554514D52250FF3500C0F113 /* NSArray+Log.m in Sources */ = {isa = PBXBuildFile; fileRef = 554514C82250FF3500C0F113 /* NSArray+Log.m */; };
		554514D92251046400C0F113 /* Bundle+Extension.swift in Sources */ = {isa = PBXBuildFile; fileRef = 554514D82251046400C0F113 /* Bundle+Extension.swift */; };
/* End PBXBuildFile section */

/* Begin PBXFileReference section */
		5519C0B52251B4A90003B265 /* DWZTestViewController.swift */ = {isa = PBXFileReference; lastKnownFileType = sourcecode.swift; path = DWZTestViewController.swift; sourceTree = "<group>"; };
		5519C0B72251CEDF0003B265 /* UIBarButtonItem+Extension.swift */ = {isa = PBXFileReference; lastKnownFileType = sourcecode.swift; path = "UIBarButtonItem+Extension.swift"; sourceTree = "<group>"; };
		554514752250A89C00C0F113 /* swiftDemo.app */ = {isa = PBXFileReference; explicitFileType = wrapper.application; includeInIndex = 0; path = swiftDemo.app; sourceTree = BUILT_PRODUCTS_DIR; };
		554514782250A89C00C0F113 /* AppDelegate.swift */ = {isa = PBXFileReference; lastKnownFileType = sourcecode.swift; path = AppDelegate.swift; sourceTree = "<group>"; };
		5545147F2250A89D00C0F113 /* Assets.xcassets */ = {isa = PBXFileReference; lastKnownFileType = folder.assetcatalog; path = Assets.xcassets; sourceTree = "<group>"; };
		554514842250A89D00C0F113 /* Info.plist */ = {isa = PBXFileReference; lastKnownFileType = text.plist.xml; path = Info.plist; sourceTree = "<group>"; };
		554514A22250C04700C0F113 /* DWZMainViewController.swift */ = {isa = PBXFileReference; lastKnownFileType = sourcecode.swift; path = DWZMainViewController.swift; sourceTree = "<group>"; };
		554514A42250C08500C0F113 /* DWZNavigationController.swift */ = {isa = PBXFileReference; lastKnownFileType = sourcecode.swift; path = DWZNavigationController.swift; sourceTree = "<group>"; };
		554514A62250C0B000C0F113 /* DWZBaseViewController.swift */ = {isa = PBXFileReference; lastKnownFileType = sourcecode.swift; path = DWZBaseViewController.swift; sourceTree = "<group>"; };
		554514A82250C0F600C0F113 /* DWZHomeViewController.swift */ = {isa = PBXFileReference; lastKnownFileType = sourcecode.swift; path = DWZHomeViewController.swift; sourceTree = "<group>"; };
		554514AA2250C10800C0F113 /* DWZMessageViewController.swift */ = {isa = PBXFileReference; lastKnownFileType = sourcecode.swift; path = DWZMessageViewController.swift; sourceTree = "<group>"; };
		554514AC2250C11F00C0F113 /* DWZDiscoverViewController.swift */ = {isa = PBXFileReference; lastKnownFileType = sourcecode.swift; path = DWZDiscoverViewController.swift; sourceTree = "<group>"; };
		554514AE2250C12F00C0F113 /* DWZProfileViewController.swift */ = {isa = PBXFileReference; lastKnownFileType = sourcecode.swift; path = DWZProfileViewController.swift; sourceTree = "<group>"; };
		554514B12250FF3500C0F113 /* UIColor+CZAddition.m */ = {isa = PBXFileReference; fileEncoding = 4; lastKnownFileType = sourcecode.c.objc; path = "UIColor+CZAddition.m"; sourceTree = "<group>"; };
		554514B22250FF3500C0F113 /* UIView+CZAddition.m */ = {isa = PBXFileReference; fileEncoding = 4; lastKnownFileType = sourcecode.c.objc; path = "UIView+CZAddition.m"; sourceTree = "<group>"; };
		554514B32250FF3500C0F113 /* UIButton+CZAddition.h */ = {isa = PBXFileReference; fileEncoding = 4; lastKnownFileType = sourcecode.c.h; path = "UIButton+CZAddition.h"; sourceTree = "<group>"; };
		554514B42250FF3500C0F113 /* NSString+CZHash.h */ = {isa = PBXFileReference; fileEncoding = 4; lastKnownFileType = sourcecode.c.h; path = "NSString+CZHash.h"; sourceTree = "<group>"; };
		554514B52250FF3500C0F113 /* UIScreen+CZAddition.m */ = {isa = PBXFileReference; fileEncoding = 4; lastKnownFileType = sourcecode.c.objc; path = "UIScreen+CZAddition.m"; sourceTree = "<group>"; };
		554514B62250FF3500C0F113 /* UIViewController+CZAddition.h */ = {isa = PBXFileReference; fileEncoding = 4; lastKnownFileType = sourcecode.c.h; path = "UIViewController+CZAddition.h"; sourceTree = "<group>"; };
		554514B72250FF3500C0F113 /* UILabel+CZAddition.m */ = {isa = PBXFileReference; fileEncoding = 4; lastKnownFileType = sourcecode.c.objc; path = "UILabel+CZAddition.m"; sourceTree = "<group>"; };
		554514B82250FF3500C0F113 /* NSObject+CZRuntime.h */ = {isa = PBXFileReference; fileEncoding = 4; lastKnownFileType = sourcecode.c.h; path = "NSObject+CZRuntime.h"; sourceTree = "<group>"; };
		554514B92250FF3500C0F113 /* NSString+CZBase64.m */ = {isa = PBXFileReference; fileEncoding = 4; lastKnownFileType = sourcecode.c.objc; path = "NSString+CZBase64.m"; sourceTree = "<group>"; };
		554514BA2250FF3500C0F113 /* NSString+CZPath.m */ = {isa = PBXFileReference; fileEncoding = 4; lastKnownFileType = sourcecode.c.objc; path = "NSString+CZPath.m"; sourceTree = "<group>"; };
		554514BB2250FF3500C0F113 /* NSArray+Log.h */ = {isa = PBXFileReference; fileEncoding = 4; lastKnownFileType = sourcecode.c.h; path = "NSArray+Log.h"; sourceTree = "<group>"; };
		554514BC2250FF3500C0F113 /* NSAttributedString+CZAdditon.h */ = {isa = PBXFileReference; fileEncoding = 4; lastKnownFileType = sourcecode.c.h; path = "NSAttributedString+CZAdditon.h"; sourceTree = "<group>"; };
		554514BD2250FF3500C0F113 /* UIButton+CZAddition.m */ = {isa = PBXFileReference; fileEncoding = 4; lastKnownFileType = sourcecode.c.objc; path = "UIButton+CZAddition.m"; sourceTree = "<group>"; };
		554514BE2250FF3500C0F113 /* UIView+CZAddition.h */ = {isa = PBXFileReference; fileEncoding = 4; lastKnownFileType = sourcecode.c.h; path = "UIView+CZAddition.h"; sourceTree = "<group>"; };
		554514BF2250FF3500C0F113 /* UIColor+CZAddition.h */ = {isa = PBXFileReference; fileEncoding = 4; lastKnownFileType = sourcecode.c.h; path = "UIColor+CZAddition.h"; sourceTree = "<group>"; };
		554514C02250FF3500C0F113 /* NSObject+CZRuntime.m */ = {isa = PBXFileReference; fileEncoding = 4; lastKnownFileType = sourcecode.c.objc; path = "NSObject+CZRuntime.m"; sourceTree = "<group>"; };
		554514C12250FF3500C0F113 /* UILabel+CZAddition.h */ = {isa = PBXFileReference; fileEncoding = 4; lastKnownFileType = sourcecode.c.h; path = "UILabel+CZAddition.h"; sourceTree = "<group>"; };
		554514C22250FF3500C0F113 /* UIScreen+CZAddition.h */ = {isa = PBXFileReference; fileEncoding = 4; lastKnownFileType = sourcecode.c.h; path = "UIScreen+CZAddition.h"; sourceTree = "<group>"; };
		554514C32250FF3500C0F113 /* UIViewController+CZAddition.m */ = {isa = PBXFileReference; fileEncoding = 4; lastKnownFileType = sourcecode.c.objc; path = "UIViewController+CZAddition.m"; sourceTree = "<group>"; };
		554514C42250FF3500C0F113 /* NSString+CZHash.m */ = {isa = PBXFileReference; fileEncoding = 4; lastKnownFileType = sourcecode.c.objc; path = "NSString+CZHash.m"; sourceTree = "<group>"; };
		554514C52250FF3500C0F113 /* NSString+CZBase64.h */ = {isa = PBXFileReference; fileEncoding = 4; lastKnownFileType = sourcecode.c.h; path = "NSString+CZBase64.h"; sourceTree = "<group>"; };
		554514C62250FF3500C0F113 /* CZAdditions.h */ = {isa = PBXFileReference; fileEncoding = 4; lastKnownFileType = sourcecode.c.h; path = CZAdditions.h; sourceTree = "<group>"; };
		554514C72250FF3500C0F113 /* NSAttributedString+CZAdditon.m */ = {isa = PBXFileReference; fileEncoding = 4; lastKnownFileType = sourcecode.c.objc; path = "NSAttributedString+CZAdditon.m"; sourceTree = "<group>"; };
		554514C82250FF3500C0F113 /* NSArray+Log.m */ = {isa = PBXFileReference; fileEncoding = 4; lastKnownFileType = sourcecode.c.objc; path = "NSArray+Log.m"; sourceTree = "<group>"; };
		554514C92250FF3500C0F113 /* NSString+CZPath.h */ = {isa = PBXFileReference; fileEncoding = 4; lastKnownFileType = sourcecode.c.h; path = "NSString+CZPath.h"; sourceTree = "<group>"; };
		554514D62250FFB200C0F113 /* SwiftDemo-bridge.h */ = {isa = PBXFileReference; lastKnownFileType = sourcecode.c.h; path = "SwiftDemo-bridge.h"; sourceTree = "<group>"; };
		554514D82251046400C0F113 /* Bundle+Extension.swift */ = {isa = PBXFileReference; lastKnownFileType = sourcecode.swift; path = "Bundle+Extension.swift"; sourceTree = "<group>"; };
/* End PBXFileReference section */

/* Begin PBXFrameworksBuildPhase section */
		554514722250A89C00C0F113 /* Frameworks */ = {
			isa = PBXFrameworksBuildPhase;
			buildActionMask = 2147483647;
			files = (
			);
			runOnlyForDeploymentPostprocessing = 0;
		};
/* End PBXFrameworksBuildPhase section */

/* Begin PBXGroup section */
		5519C0B42251B46F0003B265 /* Test */ = {
			isa = PBXGroup;
			children = (
				5519C0B52251B4A90003B265 /* DWZTestViewController.swift */,
			);
			path = Test;
			sourceTree = "<group>";
		};
		5545146C2250A89C00C0F113 = {
			isa = PBXGroup;
			children = (
				554514772250A89C00C0F113 /* swiftDemo */,
				554514762250A89C00C0F113 /* Products */,
			);
			sourceTree = "<group>";
		};
		554514762250A89C00C0F113 /* Products */ = {
			isa = PBXGroup;
			children = (
				554514752250A89C00C0F113 /* swiftDemo.app */,
			);
			name = Products;
			sourceTree = "<group>";
		};
		554514772250A89C00C0F113 /* swiftDemo */ = {
			isa = PBXGroup;
			children = (
				554514982250BF3D00C0F113 /* Classes */,
				554514782250A89C00C0F113 /* AppDelegate.swift */,
				554514D62250FFB200C0F113 /* SwiftDemo-bridge.h */,
				5545147F2250A89D00C0F113 /* Assets.xcassets */,
				554514842250A89D00C0F113 /* Info.plist */,
			);
			path = swiftDemo;
			sourceTree = "<group>";
		};
		554514982250BF3D00C0F113 /* Classes */ = {
			isa = PBXGroup;
			children = (
				5545149B2250BF3D00C0F113 /* Model */,
				5545149C2250BF3D00C0F113 /* View */,
				554514992250BF3D00C0F113 /* ViewModel */,
				5545149A2250BF3D00C0F113 /* Tools */,
			);
			path = Classes;
			sourceTree = "<group>";
		};
		554514992250BF3D00C0F113 /* ViewModel */ = {
			isa = PBXGroup;
			children = (
			);
			path = ViewModel;
			sourceTree = "<group>";
		};
		5545149A2250BF3D00C0F113 /* Tools */ = {
			isa = PBXGroup;
			children = (
				554514D72251041C00C0F113 /* Extensions */,
				554514B02250FF3400C0F113 /* Additions */,
			);
			path = Tools;
			sourceTree = "<group>";
		};
		5545149B2250BF3D00C0F113 /* Model */ = {
			isa = PBXGroup;
			children = (
			);
			path = Model;
			sourceTree = "<group>";
		};
		5545149C2250BF3D00C0F113 /* View */ = {
			isa = PBXGroup;
			children = (
				554514A12250BF3D00C0F113 /* Main */,
				5545149D2250BF3D00C0F113 /* Home */,
				5545149F2250BF3D00C0F113 /* Message */,
				5545149E2250BF3D00C0F113 /* Discover */,
				554514A02250BF3D00C0F113 /* Profile */,
			);
			path = View;
			sourceTree = "<group>";
		};
		5545149D2250BF3D00C0F113 /* Home */ = {
			isa = PBXGroup;
			children = (
				554514A82250C0F600C0F113 /* DWZHomeViewController.swift */,
			);
			path = Home;
			sourceTree = "<group>";
		};
		5545149E2250BF3D00C0F113 /* Discover */ = {
			isa = PBXGroup;
			children = (
				554514AC2250C11F00C0F113 /* DWZDiscoverViewController.swift */,
			);
			path = Discover;
			sourceTree = "<group>";
		};
		5545149F2250BF3D00C0F113 /* Message */ = {
			isa = PBXGroup;
			children = (
				554514AA2250C10800C0F113 /* DWZMessageViewController.swift */,
			);
			path = Message;
			sourceTree = "<group>";
		};
		554514A02250BF3D00C0F113 /* Profile */ = {
			isa = PBXGroup;
			children = (
				554514AE2250C12F00C0F113 /* DWZProfileViewController.swift */,
			);
			path = Profile;
			sourceTree = "<group>";
		};
		554514A12250BF3D00C0F113 /* Main */ = {
			isa = PBXGroup;
			children = (
				5519C0B42251B46F0003B265 /* Test */,
				554514A22250C04700C0F113 /* DWZMainViewController.swift */,
				554514A42250C08500C0F113 /* DWZNavigationController.swift */,
				554514A62250C0B000C0F113 /* DWZBaseViewController.swift */,
			);
			path = Main;
			sourceTree = "<group>";
		};
		554514B02250FF3400C0F113 /* Additions */ = {
			isa = PBXGroup;
			children = (
				554514B12250FF3500C0F113 /* UIColor+CZAddition.m */,
				554514B22250FF3500C0F113 /* UIView+CZAddition.m */,
				554514B32250FF3500C0F113 /* UIButton+CZAddition.h */,
				554514B42250FF3500C0F113 /* NSString+CZHash.h */,
				554514B52250FF3500C0F113 /* UIScreen+CZAddition.m */,
				554514B62250FF3500C0F113 /* UIViewController+CZAddition.h */,
				554514B72250FF3500C0F113 /* UILabel+CZAddition.m */,
				554514B82250FF3500C0F113 /* NSObject+CZRuntime.h */,
				554514B92250FF3500C0F113 /* NSString+CZBase64.m */,
				554514BA2250FF3500C0F113 /* NSString+CZPath.m */,
				554514BB2250FF3500C0F113 /* NSArray+Log.h */,
				554514BC2250FF3500C0F113 /* NSAttributedString+CZAdditon.h */,
				554514BD2250FF3500C0F113 /* UIButton+CZAddition.m */,
				554514BE2250FF3500C0F113 /* UIView+CZAddition.h */,
				554514BF2250FF3500C0F113 /* UIColor+CZAddition.h */,
				554514C02250FF3500C0F113 /* NSObject+CZRuntime.m */,
				554514C12250FF3500C0F113 /* UILabel+CZAddition.h */,
				554514C22250FF3500C0F113 /* UIScreen+CZAddition.h */,
				554514C32250FF3500C0F113 /* UIViewController+CZAddition.m */,
				554514C42250FF3500C0F113 /* NSString+CZHash.m */,
				554514C52250FF3500C0F113 /* NSString+CZBase64.h */,
				554514C62250FF3500C0F113 /* CZAdditions.h */,
				554514C72250FF3500C0F113 /* NSAttributedString+CZAdditon.m */,
				554514C82250FF3500C0F113 /* NSArray+Log.m */,
				554514C92250FF3500C0F113 /* NSString+CZPath.h */,
			);
			path = Additions;
			sourceTree = "<group>";
		};
		554514D72251041C00C0F113 /* Extensions */ = {
			isa = PBXGroup;
			children = (
				554514D82251046400C0F113 /* Bundle+Extension.swift */,
				5519C0B72251CEDF0003B265 /* UIBarButtonItem+Extension.swift */,
			);
			path = Extensions;
			sourceTree = "<group>";
		};
/* End PBXGroup section */

/* Begin PBXNativeTarget section */
		554514742250A89C00C0F113 /* swiftDemo */ = {
			isa = PBXNativeTarget;
			buildConfigurationList = 554514872250A89D00C0F113 /* Build configuration list for PBXNativeTarget "swiftDemo" */;
			buildPhases = (
				554514712250A89C00C0F113 /* Sources */,
				554514722250A89C00C0F113 /* Frameworks */,
				554514732250A89C00C0F113 /* Resources */,
			);
			buildRules = (
			);
			dependencies = (
			);
			name = swiftDemo;
			productName = swiftDemo;
			productReference = 554514752250A89C00C0F113 /* swiftDemo.app */;
			productType = "com.apple.product-type.application";
		};
/* End PBXNativeTarget section */

/* Begin PBXProject section */
		5545146D2250A89C00C0F113 /* Project object */ = {
			isa = PBXProject;
			attributes = {
				CLASSPREFIX = DWZ;
				LastSwiftUpdateCheck = 1010;
				LastUpgradeCheck = 1010;
				ORGANIZATIONNAME = "段文拯";
				TargetAttributes = {
					554514742250A89C00C0F113 = {
						CreatedOnToolsVersion = 10.1;
					};
				};
			};
			buildConfigurationList = 554514702250A89C00C0F113 /* Build configuration list for PBXProject "swiftDemo" */;
			compatibilityVersion = "Xcode 9.3";
			developmentRegion = en;
			hasScannedForEncodings = 0;
			knownRegions = (
				en,
				Base,
			);
			mainGroup = 5545146C2250A89C00C0F113;
			productRefGroup = 554514762250A89C00C0F113 /* Products */;
			projectDirPath = "";
			projectRoot = "";
			targets = (
				554514742250A89C00C0F113 /* swiftDemo */,
			);
		};
/* End PBXProject section */

/* Begin PBXResourcesBuildPhase section */
		554514732250A89C00C0F113 /* Resources */ = {
			isa = PBXResourcesBuildPhase;
			buildActionMask = 2147483647;
			files = (
				554514802250A89D00C0F113 /* Assets.xcassets in Resources */,
			);
			runOnlyForDeploymentPostprocessing = 0;
		};
/* End PBXResourcesBuildPhase section */

/* Begin PBXSourcesBuildPhase section */
		554514712250A89C00C0F113 /* Sources */ = {
			isa = PBXSourcesBuildPhase;
			buildActionMask = 2147483647;
			files = (
				5519C0B82251CEDF0003B265 /* UIBarButtonItem+Extension.swift in Sources */,
				554514AD2250C11F00C0F113 /* DWZDiscoverViewController.swift in Sources */,
				554514D92251046400C0F113 /* Bundle+Extension.swift in Sources */,
				554514CE2250FF3500C0F113 /* NSString+CZBase64.m in Sources */,
				554514792250A89C00C0F113 /* AppDelegate.swift in Sources */,
				554514D12250FF3500C0F113 /* NSObject+CZRuntime.m in Sources */,
				554514D42250FF3500C0F113 /* NSAttributedString+CZAdditon.m in Sources */,
				5519C0B62251B4A90003B265 /* DWZTestViewController.swift in Sources */,
				554514D52250FF3500C0F113 /* NSArray+Log.m in Sources */,
				554514CC2250FF3500C0F113 /* UIScreen+CZAddition.m in Sources */,
				554514A72250C0B000C0F113 /* DWZBaseViewController.swift in Sources */,
				554514A52250C08500C0F113 /* DWZNavigationController.swift in Sources */,
				554514A92250C0F600C0F113 /* DWZHomeViewController.swift in Sources */,
				554514D02250FF3500C0F113 /* UIButton+CZAddition.m in Sources */,
				554514AB2250C10800C0F113 /* DWZMessageViewController.swift in Sources */,
				554514D32250FF3500C0F113 /* NSString+CZHash.m in Sources */,
				554514D22250FF3500C0F113 /* UIViewController+CZAddition.m in Sources */,
				554514AF2250C12F00C0F113 /* DWZProfileViewController.swift in Sources */,
				554514A32250C04700C0F113 /* DWZMainViewController.swift in Sources */,
				554514CD2250FF3500C0F113 /* UILabel+CZAddition.m in Sources */,
				554514CF2250FF3500C0F113 /* NSString+CZPath.m in Sources */,
				554514CA2250FF3500C0F113 /* UIColor+CZAddition.m in Sources */,
				554514CB2250FF3500C0F113 /* UIView+CZAddition.m in Sources */,
			);
			runOnlyForDeploymentPostprocessing = 0;
		};
/* End PBXSourcesBuildPhase section */

/* Begin XCBuildConfiguration section */
		554514852250A89D00C0F113 /* Debug */ = {
			isa = XCBuildConfiguration;
			buildSettings = {
				ALWAYS_SEARCH_USER_PATHS = NO;
				CLANG_ANALYZER_NONNULL = YES;
				CLANG_ANALYZER_NUMBER_OBJECT_CONVERSION = YES_AGGRESSIVE;
				CLANG_CXX_LANGUAGE_STANDARD = "gnu++14";
				CLANG_CXX_LIBRARY = "libc++";
				CLANG_ENABLE_MODULES = YES;
				CLANG_ENABLE_OBJC_ARC = YES;
				CLANG_ENABLE_OBJC_WEAK = YES;
				CLANG_WARN_BLOCK_CAPTURE_AUTORELEASING = YES;
				CLANG_WARN_BOOL_CONVERSION = YES;
				CLANG_WARN_COMMA = YES;
				CLANG_WARN_CONSTANT_CONVERSION = YES;
				CLANG_WARN_DEPRECATED_OBJC_IMPLEMENTATIONS = YES;
				CLANG_WARN_DIRECT_OBJC_ISA_USAGE = YES_ERROR;
				CLANG_WARN_DOCUMENTATION_COMMENTS = YES;
				CLANG_WARN_EMPTY_BODY = YES;
				CLANG_WARN_ENUM_CONVERSION = YES;
				CLANG_WARN_INFINITE_RECURSION = YES;
				CLANG_WARN_INT_CONVERSION = YES;
				CLANG_WARN_NON_LITERAL_NULL_CONVERSION = YES;
				CLANG_WARN_OBJC_IMPLICIT_RETAIN_SELF = YES;
				CLANG_WARN_OBJC_LITERAL_CONVERSION = YES;
				CLANG_WARN_OBJC_ROOT_CLASS = YES_ERROR;
				CLANG_WARN_RANGE_LOOP_ANALYSIS = YES;
				CLANG_WARN_STRICT_PROTOTYPES = YES;
				CLANG_WARN_SUSPICIOUS_MOVE = YES;
				CLANG_WARN_UNGUARDED_AVAILABILITY = YES_AGGRESSIVE;
				CLANG_WARN_UNREACHABLE_CODE = YES;
				CLANG_WARN__DUPLICATE_METHOD_MATCH = YES;
				CODE_SIGN_IDENTITY = "iPhone Developer";
				COPY_PHASE_STRIP = NO;
				DEBUG_INFORMATION_FORMAT = dwarf;
				ENABLE_STRICT_OBJC_MSGSEND = YES;
				ENABLE_TESTABILITY = YES;
				GCC_C_LANGUAGE_STANDARD = gnu11;
				GCC_DYNAMIC_NO_PIC = NO;
				GCC_NO_COMMON_BLOCKS = YES;
				GCC_OPTIMIZATION_LEVEL = 0;
				GCC_PREPROCESSOR_DEFINITIONS = (
					"DEBUG=1",
					"$(inherited)",
				);
				GCC_WARN_64_TO_32_BIT_CONVERSION = YES;
				GCC_WARN_ABOUT_RETURN_TYPE = YES_ERROR;
				GCC_WARN_UNDECLARED_SELECTOR = YES;
				GCC_WARN_UNINITIALIZED_AUTOS = YES_AGGRESSIVE;
				GCC_WARN_UNUSED_FUNCTION = YES;
				GCC_WARN_UNUSED_VARIABLE = YES;
				IPHONEOS_DEPLOYMENT_TARGET = 12.1;
				MTL_ENABLE_DEBUG_INFO = INCLUDE_SOURCE;
				MTL_FAST_MATH = YES;
				ONLY_ACTIVE_ARCH = YES;
				SDKROOT = iphoneos;
				SWIFT_ACTIVE_COMPILATION_CONDITIONS = DEBUG;
				SWIFT_OPTIMIZATION_LEVEL = "-Onone";
			};
			name = Debug;
		};
		554514862250A89D00C0F113 /* Release */ = {
			isa = XCBuildConfiguration;
			buildSettings = {
				ALWAYS_SEARCH_USER_PATHS = NO;
				CLANG_ANALYZER_NONNULL = YES;
				CLANG_ANALYZER_NUMBER_OBJECT_CONVERSION = YES_AGGRESSIVE;
				CLANG_CXX_LANGUAGE_STANDARD = "gnu++14";
				CLANG_CXX_LIBRARY = "libc++";
				CLANG_ENABLE_MODULES = YES;
				CLANG_ENABLE_OBJC_ARC = YES;
				CLANG_ENABLE_OBJC_WEAK = YES;
				CLANG_WARN_BLOCK_CAPTURE_AUTORELEASING = YES;
				CLANG_WARN_BOOL_CONVERSION = YES;
				CLANG_WARN_COMMA = YES;
				CLANG_WARN_CONSTANT_CONVERSION = YES;
				CLANG_WARN_DEPRECATED_OBJC_IMPLEMENTATIONS = YES;
				CLANG_WARN_DIRECT_OBJC_ISA_USAGE = YES_ERROR;
				CLANG_WARN_DOCUMENTATION_COMMENTS = YES;
				CLANG_WARN_EMPTY_BODY = YES;
				CLANG_WARN_ENUM_CONVERSION = YES;
				CLANG_WARN_INFINITE_RECURSION = YES;
				CLANG_WARN_INT_CONVERSION = YES;
				CLANG_WARN_NON_LITERAL_NULL_CONVERSION = YES;
				CLANG_WARN_OBJC_IMPLICIT_RETAIN_SELF = YES;
				CLANG_WARN_OBJC_LITERAL_CONVERSION = YES;
				CLANG_WARN_OBJC_ROOT_CLASS = YES_ERROR;
				CLANG_WARN_RANGE_LOOP_ANALYSIS = YES;
				CLANG_WARN_STRICT_PROTOTYPES = YES;
				CLANG_WARN_SUSPICIOUS_MOVE = YES;
				CLANG_WARN_UNGUARDED_AVAILABILITY = YES_AGGRESSIVE;
				CLANG_WARN_UNREACHABLE_CODE = YES;
				CLANG_WARN__DUPLICATE_METHOD_MATCH = YES;
				CODE_SIGN_IDENTITY = "iPhone Developer";
				COPY_PHASE_STRIP = NO;
				DEBUG_INFORMATION_FORMAT = "dwarf-with-dsym";
				ENABLE_NS_ASSERTIONS = NO;
				ENABLE_STRICT_OBJC_MSGSEND = YES;
				GCC_C_LANGUAGE_STANDARD = gnu11;
				GCC_NO_COMMON_BLOCKS = YES;
				GCC_WARN_64_TO_32_BIT_CONVERSION = YES;
				GCC_WARN_ABOUT_RETURN_TYPE = YES_ERROR;
				GCC_WARN_UNDECLARED_SELECTOR = YES;
				GCC_WARN_UNINITIALIZED_AUTOS = YES_AGGRESSIVE;
				GCC_WARN_UNUSED_FUNCTION = YES;
				GCC_WARN_UNUSED_VARIABLE = YES;
				IPHONEOS_DEPLOYMENT_TARGET = 12.1;
				MTL_ENABLE_DEBUG_INFO = NO;
				MTL_FAST_MATH = YES;
				SDKROOT = iphoneos;
				SWIFT_COMPILATION_MODE = wholemodule;
				SWIFT_OPTIMIZATION_LEVEL = "-O";
				VALIDATE_PRODUCT = YES;
			};
			name = Release;
		};
		554514882250A89D00C0F113 /* Debug */ = {
			isa = XCBuildConfiguration;
			buildSettings = {
				ASSETCATALOG_COMPILER_APPICON_NAME = AppIcon;
				ASSETCATALOG_COMPILER_LAUNCHIMAGE_NAME = LaunchImage;
				CODE_SIGN_STYLE = Automatic;
				DEVELOPMENT_TEAM = R67NM4WC4D;
				INFOPLIST_FILE = swiftDemo/Info.plist;
				IPHONEOS_DEPLOYMENT_TARGET = 8.0;
				LD_RUNPATH_SEARCH_PATHS = (
					"$(inherited)",
					"@executable_path/Frameworks",
				);
				PRODUCT_BUNDLE_IDENTIFIER = com.redyouzi.www.swiftDemo;
				PRODUCT_NAME = "$(TARGET_NAME)";
				SWIFT_OBJC_BRIDGING_HEADER = "swiftDemo/SwiftDemo-bridge.h";
				SWIFT_VERSION = 4.2;
				TARGETED_DEVICE_FAMILY = "1,2";
			};
			name = Debug;
		};
		554514892250A89D00C0F113 /* Release */ = {
			isa = XCBuildConfiguration;
			buildSettings = {
				ASSETCATALOG_COMPILER_APPICON_NAME = AppIcon;
				ASSETCATALOG_COMPILER_LAUNCHIMAGE_NAME = LaunchImage;
				CODE_SIGN_STYLE = Automatic;
				DEVELOPMENT_TEAM = R67NM4WC4D;
				INFOPLIST_FILE = swiftDemo/Info.plist;
				IPHONEOS_DEPLOYMENT_TARGET = 8.0;
				LD_RUNPATH_SEARCH_PATHS = (
					"$(inherited)",
					"@executable_path/Frameworks",
				);
				PRODUCT_BUNDLE_IDENTIFIER = com.redyouzi.www.swiftDemo;
				PRODUCT_NAME = "$(TARGET_NAME)";
				SWIFT_OBJC_BRIDGING_HEADER = "swiftDemo/SwiftDemo-bridge.h";
				SWIFT_VERSION = 4.2;
				TARGETED_DEVICE_FAMILY = "1,2";
			};
			name = Release;
		};
/* End XCBuildConfiguration section */

/* Begin XCConfigurationList section */
		554514702250A89C00C0F113 /* Build configuration list for PBXProject "swiftDemo" */ = {
			isa = XCConfigurationList;
			buildConfigurations = (
				554514852250A89D00C0F113 /* Debug */,
				554514862250A89D00C0F113 /* Release */,
			);
			defaultConfigurationIsVisible = 0;
			defaultConfigurationName = Release;
		};
		554514872250A89D00C0F113 /* Build configuration list for PBXNativeTarget "swiftDemo" */ = {
			isa = XCConfigurationList;
			buildConfigurations = (
				554514882250A89D00C0F113 /* Debug */,
				554514892250A89D00C0F113 /* Release */,
			);
			defaultConfigurationIsVisible = 0;
			defaultConfigurationName = Release;
		};
/* End XCConfigurationList section */
	};
	rootObject = 5545146D2250A89C00C0F113 /* Project object */;
}
